// !$*UTF8*$!
{
	archiveVersion = 1;
	classes = {
	};
	objectVersion = 56;
	objects = {

/* Begin PBXBuildFile section */
		8CDEE6DF2B63F6980098A713 /* main.c in Sources */ = {isa = PBXBuildFile; fileRef = 8CDEE6DE2B63F6980098A713 /* main.c */; };
		8CDEE6E12B63F6AF0098A713 /* http_init.c in Sources */ = {isa = PBXBuildFile; fileRef = 8CDEE6E02B63F6AF0098A713 /* http_init.c */; };
		8CDEE6E32B63F6B60098A713 /* http_serve.c in Sources */ = {isa = PBXBuildFile; fileRef = 8CDEE6E22B63F6B60098A713 /* http_serve.c */; };
		8CDEE6E52B63F6BD0098A713 /* http_points.c in Sources */ = {isa = PBXBuildFile; fileRef = 8CDEE6E42B63F6BD0098A713 /* http_points.c */; };
		8CDEE6E72B63F6C90098A713 /* crypt_data.c in Sources */ = {isa = PBXBuildFile; fileRef = 8CDEE6E62B63F6C90098A713 /* crypt_data.c */; };
		8CDEE6E92B63F6D00098A713 /* crypt_b64.c in Sources */ = {isa = PBXBuildFile; fileRef = 8CDEE6E82B63F6D00098A713 /* crypt_b64.c */; };
		8CDEE6ED2B63F7040098A713 /* app_init.c in Sources */ = {isa = PBXBuildFile; fileRef = 8CDEE6EC2B63F7040098A713 /* app_init.c */; };
		8CDEE6EF2B63F7100098A713 /* db_init.c in Sources */ = {isa = PBXBuildFile; fileRef = 8CDEE6EE2B63F7100098A713 /* db_init.c */; };
		8CDEE6F32B63FF300098A713 /* libmicrohttpd.12.dylib in Frameworks */ = {isa = PBXBuildFile; fileRef = 8CDEE6F22B63FF300098A713 /* libmicrohttpd.12.dylib */; };
		8CDEE6F52B644FAB0098A713 /* app_serve.c in Sources */ = {isa = PBXBuildFile; fileRef = 8CDEE6F42B644FAB0098A713 /* app_serve.c */; };
/* End PBXBuildFile section */

/* Begin PBXCopyFilesBuildPhase section */
		8C15BC2E2B4277F3007D5FE3 /* CopyFiles */ = {
			isa = PBXCopyFilesBuildPhase;
			buildActionMask = 2147483647;
			dstPath = /usr/share/man/man1/;
			dstSubfolderSpec = 0;
			files = (
			);
			runOnlyForDeploymentPostprocessing = 1;
		};
/* End PBXCopyFilesBuildPhase section */

/* Begin PBXFileReference section */
		8C15BC302B4277F3007D5FE3 /* mchat_server */ = {isa = PBXFileReference; explicitFileType = "compiled.mach-o.executable"; includeInIndex = 0; path = mchat_server; sourceTree = BUILT_PRODUCTS_DIR; };
		8CDEE6D52B63F6510098A713 /* http.h */ = {isa = PBXFileReference; lastKnownFileType = sourcecode.c.h; path = http.h; sourceTree = "<group>"; };
		8CDEE6D62B63F65C0098A713 /* crypt.h */ = {isa = PBXFileReference; lastKnownFileType = sourcecode.c.h; path = crypt.h; sourceTree = "<group>"; };
		8CDEE6D72B63F6620098A713 /* db.h */ = {isa = PBXFileReference; lastKnownFileType = sourcecode.c.h; path = db.h; sourceTree = "<group>"; };
		8CDEE6D82B63F6670098A713 /* app.h */ = {isa = PBXFileReference; lastKnownFileType = sourcecode.c.h; path = app.h; sourceTree = "<group>"; };
		8CDEE6DE2B63F6980098A713 /* main.c */ = {isa = PBXFileReference; lastKnownFileType = sourcecode.c.c; path = main.c; sourceTree = "<group>"; };
		8CDEE6E02B63F6AF0098A713 /* http_init.c */ = {isa = PBXFileReference; lastKnownFileType = sourcecode.c.c; path = http_init.c; sourceTree = "<group>"; };
		8CDEE6E22B63F6B60098A713 /* http_serve.c */ = {isa = PBXFileReference; lastKnownFileType = sourcecode.c.c; path = http_serve.c; sourceTree = "<group>"; };
		8CDEE6E42B63F6BD0098A713 /* http_points.c */ = {isa = PBXFileReference; lastKnownFileType = sourcecode.c.c; path = http_points.c; sourceTree = "<group>"; };
		8CDEE6E62B63F6C90098A713 /* crypt_data.c */ = {isa = PBXFileReference; lastKnownFileType = sourcecode.c.c; path = crypt_data.c; sourceTree = "<group>"; };
		8CDEE6E82B63F6D00098A713 /* crypt_b64.c */ = {isa = PBXFileReference; lastKnownFileType = sourcecode.c.c; path = crypt_b64.c; sourceTree = "<group>"; };
		8CDEE6EB2B63F6F70098A713 /* dbint.h */ = {isa = PBXFileReference; lastKnownFileType = sourcecode.c.h; path = dbint.h; sourceTree = "<group>"; };
		8CDEE6EC2B63F7040098A713 /* app_init.c */ = {isa = PBXFileReference; lastKnownFileType = sourcecode.c.c; path = app_init.c; sourceTree = "<group>"; };
		8CDEE6EE2B63F7100098A713 /* db_init.c */ = {isa = PBXFileReference; lastKnownFileType = sourcecode.c.c; path = db_init.c; sourceTree = "<group>"; };
		8CDEE6F02B63F8290098A713 /* types.h */ = {isa = PBXFileReference; lastKnownFileType = sourcecode.c.h; path = types.h; sourceTree = "<group>"; };
		8CDEE6F22B63FF300098A713 /* libmicrohttpd.12.dylib */ = {isa = PBXFileReference; lastKnownFileType = "compiled.mach-o.dylib"; name = libmicrohttpd.12.dylib; path = ../../../../../../opt/homebrew/Cellar/libmicrohttpd/0.9.77/lib/libmicrohttpd.12.dylib; sourceTree = "<group>"; };
		8CDEE6F42B644FAB0098A713 /* app_serve.c */ = {isa = PBXFileReference; lastKnownFileType = sourcecode.c.c; path = app_serve.c; sourceTree = "<group>"; };
/* End PBXFileReference section */

/* Begin PBXFrameworksBuildPhase section */
		8C15BC2D2B4277F3007D5FE3 /* Frameworks */ = {
			isa = PBXFrameworksBuildPhase;
			buildActionMask = 2147483647;
			files = (
				8CDEE6F32B63FF300098A713 /* libmicrohttpd.12.dylib in Frameworks */,
			);
			runOnlyForDeploymentPostprocessing = 0;
		};
/* End PBXFrameworksBuildPhase section */

/* Begin PBXGroup section */
		8C15BC272B4277F3007D5FE3 = {
			isa = PBXGroup;
			children = (
				8CDEE6F02B63F8290098A713 /* types.h */,
				8CDEE6DE2B63F6980098A713 /* main.c */,
				8CDEE6D42B63F6370098A713 /* app */,
				8CDEE6D32B63F62A0098A713 /* db */,
				8CDEE6D22B63F6250098A713 /* crypt */,
				8CDEE6D12B63F61D0098A713 /* http */,
				8C15BC312B4277F3007D5FE3 /* Products */,
				8CDEE6F12B63FF300098A713 /* Frameworks */,
			);
			sourceTree = "<group>";
		};
		8C15BC312B4277F3007D5FE3 /* Products */ = {
			isa = PBXGroup;
			children = (
				8C15BC302B4277F3007D5FE3 /* mchat_server */,
			);
			name = Products;
			sourceTree = "<group>";
		};
		8CDEE6D12B63F61D0098A713 /* http */ = {
			isa = PBXGroup;
			children = (
				8CDEE6D52B63F6510098A713 /* http.h */,
				8CDEE6E02B63F6AF0098A713 /* http_init.c */,
				8CDEE6E22B63F6B60098A713 /* http_serve.c */,
				8CDEE6E42B63F6BD0098A713 /* http_points.c */,
			);
			path = http;
			sourceTree = "<group>";
		};
		8CDEE6D22B63F6250098A713 /* crypt */ = {
			isa = PBXGroup;
			children = (
				8CDEE6D62B63F65C0098A713 /* crypt.h */,
				8CDEE6E62B63F6C90098A713 /* crypt_data.c */,
				8CDEE6E82B63F6D00098A713 /* crypt_b64.c */,
			);
			path = crypt;
			sourceTree = "<group>";
		};
		8CDEE6D32B63F62A0098A713 /* db */ = {
			isa = PBXGroup;
			children = (
				8CDEE6D72B63F6620098A713 /* db.h */,
				8CDEE6EE2B63F7100098A713 /* db_init.c */,
			);
			path = db;
			sourceTree = "<group>";
		};
		8CDEE6D42B63F6370098A713 /* app */ = {
			isa = PBXGroup;
			children = (
				8CDEE6EA2B63F6E70098A713 /* dbint */,
				8CDEE6D82B63F6670098A713 /* app.h */,
				8CDEE6EC2B63F7040098A713 /* app_init.c */,
				8CDEE6F42B644FAB0098A713 /* app_serve.c */,
			);
			path = app;
			sourceTree = "<group>";
		};
		8CDEE6EA2B63F6E70098A713 /* dbint */ = {
			isa = PBXGroup;
			children = (
				8CDEE6EB2B63F6F70098A713 /* dbint.h */,
			);
			path = dbint;
			sourceTree = "<group>";
		};
		8CDEE6F12B63FF300098A713 /* Frameworks */ = {
			isa = PBXGroup;
			children = (
				8CDEE6F22B63FF300098A713 /* libmicrohttpd.12.dylib */,
			);
			name = Frameworks;
			sourceTree = "<group>";
		};
/* End PBXGroup section */

/* Begin PBXNativeTarget section */
		8C15BC2F2B4277F3007D5FE3 /* mchat_server */ = {
			isa = PBXNativeTarget;
			buildConfigurationList = 8C15BC372B4277F3007D5FE3 /* Build configuration list for PBXNativeTarget "mchat_server" */;
			buildPhases = (
				8C15BC2C2B4277F3007D5FE3 /* Sources */,
				8C15BC2D2B4277F3007D5FE3 /* Frameworks */,
				8C15BC2E2B4277F3007D5FE3 /* CopyFiles */,
			);
			buildRules = (
			);
			dependencies = (
			);
			name = mchat_server;
			productName = mchat_server;
			productReference = 8C15BC302B4277F3007D5FE3 /* mchat_server */;
			productType = "com.apple.product-type.tool";
		};
/* End PBXNativeTarget section */

/* Begin PBXProject section */
		8C15BC282B4277F3007D5FE3 /* Project object */ = {
			isa = PBXProject;
			attributes = {
				BuildIndependentTargetsInParallel = 1;
				LastUpgradeCheck = 1500;
				TargetAttributes = {
					8C15BC2F2B4277F3007D5FE3 = {
						CreatedOnToolsVersion = 15.0.1;
					};
				};
			};
			buildConfigurationList = 8C15BC2B2B4277F3007D5FE3 /* Build configuration list for PBXProject "mchat_server" */;
			compatibilityVersion = "Xcode 14.0";
			developmentRegion = en;
			hasScannedForEncodings = 0;
			knownRegions = (
				en,
				Base,
			);
			mainGroup = 8C15BC272B4277F3007D5FE3;
			productRefGroup = 8C15BC312B4277F3007D5FE3 /* Products */;
			projectDirPath = "";
			projectRoot = "";
			targets = (
				8C15BC2F2B4277F3007D5FE3 /* mchat_server */,
			);
		};
/* End PBXProject section */

/* Begin PBXSourcesBuildPhase section */
		8C15BC2C2B4277F3007D5FE3 /* Sources */ = {
			isa = PBXSourcesBuildPhase;
			buildActionMask = 2147483647;
			files = (
				8CDEE6DF2B63F6980098A713 /* main.c in Sources */,
				8CDEE6E12B63F6AF0098A713 /* http_init.c in Sources */,
				8CDEE6E52B63F6BD0098A713 /* http_points.c in Sources */,
				8CDEE6EF2B63F7100098A713 /* db_init.c in Sources */,
				8CDEE6E72B63F6C90098A713 /* crypt_data.c in Sources */,
				8CDEE6F52B644FAB0098A713 /* app_serve.c in Sources */,
				8CDEE6ED2B63F7040098A713 /* app_init.c in Sources */,
				8CDEE6E32B63F6B60098A713 /* http_serve.c in Sources */,
				8CDEE6E92B63F6D00098A713 /* crypt_b64.c in Sources */,
			);
			runOnlyForDeploymentPostprocessing = 0;
		};
/* End PBXSourcesBuildPhase section */

/* Begin XCBuildConfiguration section */
		8C15BC352B4277F3007D5FE3 /* Debug */ = {
			isa = XCBuildConfiguration;
			buildSettings = {
				ALWAYS_SEARCH_USER_PATHS = NO;
				ASSETCATALOG_COMPILER_GENERATE_SWIFT_ASSET_SYMBOL_EXTENSIONS = YES;
				CLANG_ANALYZER_NONNULL = YES;
				CLANG_ANALYZER_NUMBER_OBJECT_CONVERSION = YES_AGGRESSIVE;
				CLANG_CXX_LANGUAGE_STANDARD = "gnu++20";
				CLANG_ENABLE_MODULES = YES;
				CLANG_ENABLE_OBJC_ARC = YES;
				CLANG_ENABLE_OBJC_WEAK = YES;
				CLANG_WARN_BLOCK_CAPTURE_AUTORELEASING = YES;
				CLANG_WARN_BOOL_CONVERSION = YES;
				CLANG_WARN_COMMA = YES;
				CLANG_WARN_CONSTANT_CONVERSION = YES;
				CLANG_WARN_DEPRECATED_OBJC_IMPLEMENTATIONS = YES;
				CLANG_WARN_DIRECT_OBJC_ISA_USAGE = YES_ERROR;
				CLANG_WARN_DOCUMENTATION_COMMENTS = YES;
				CLANG_WARN_EMPTY_BODY = YES;
				CLANG_WARN_ENUM_CONVERSION = YES;
				CLANG_WARN_INFINITE_RECURSION = YES;
				CLANG_WARN_INT_CONVERSION = YES;
				CLANG_WARN_NON_LITERAL_NULL_CONVERSION = YES;
				CLANG_WARN_OBJC_IMPLICIT_RETAIN_SELF = YES;
				CLANG_WARN_OBJC_LITERAL_CONVERSION = YES;
				CLANG_WARN_OBJC_ROOT_CLASS = YES_ERROR;
				CLANG_WARN_QUOTED_INCLUDE_IN_FRAMEWORK_HEADER = YES;
				CLANG_WARN_RANGE_LOOP_ANALYSIS = YES;
				CLANG_WARN_STRICT_PROTOTYPES = YES;
				CLANG_WARN_SUSPICIOUS_MOVE = YES;
				CLANG_WARN_UNGUARDED_AVAILABILITY = YES_AGGRESSIVE;
				CLANG_WARN_UNREACHABLE_CODE = YES;
				CLANG_WARN__DUPLICATE_METHOD_MATCH = YES;
				COPY_PHASE_STRIP = NO;
				DEBUG_INFORMATION_FORMAT = dwarf;
				ENABLE_STRICT_OBJC_MSGSEND = YES;
				ENABLE_TESTABILITY = YES;
				ENABLE_USER_SCRIPT_SANDBOXING = YES;
				GCC_C_LANGUAGE_STANDARD = gnu17;
				GCC_DYNAMIC_NO_PIC = NO;
				GCC_NO_COMMON_BLOCKS = YES;
				GCC_OPTIMIZATION_LEVEL = 0;
				GCC_PREPROCESSOR_DEFINITIONS = (
					"DEBUG=1",
					"$(inherited)",
				);
				GCC_WARN_64_TO_32_BIT_CONVERSION = YES;
				GCC_WARN_ABOUT_RETURN_TYPE = YES_ERROR;
				GCC_WARN_UNDECLARED_SELECTOR = YES;
				GCC_WARN_UNINITIALIZED_AUTOS = YES_AGGRESSIVE;
				GCC_WARN_UNUSED_FUNCTION = YES;
				GCC_WARN_UNUSED_VARIABLE = YES;
				LOCALIZATION_PREFERS_STRING_CATALOGS = YES;
				MACOSX_DEPLOYMENT_TARGET = 14.0;
				MTL_ENABLE_DEBUG_INFO = INCLUDE_SOURCE;
				MTL_FAST_MATH = YES;
				ONLY_ACTIVE_ARCH = YES;
				SDKROOT = macosx;
			};
			name = Debug;
		};
		8C15BC362B4277F3007D5FE3 /* Release */ = {
			isa = XCBuildConfiguration;
			buildSettings = {
				ALWAYS_SEARCH_USER_PATHS = NO;
				ASSETCATALOG_COMPILER_GENERATE_SWIFT_ASSET_SYMBOL_EXTENSIONS = YES;
				CLANG_ANALYZER_NONNULL = YES;
				CLANG_ANALYZER_NUMBER_OBJECT_CONVERSION = YES_AGGRESSIVE;
				CLANG_CXX_LANGUAGE_STANDARD = "gnu++20";
				CLANG_ENABLE_MODULES = YES;
				CLANG_ENABLE_OBJC_ARC = YES;
				CLANG_ENABLE_OBJC_WEAK = YES;
				CLANG_WARN_BLOCK_CAPTURE_AUTORELEASING = YES;
				CLANG_WARN_BOOL_CONVERSION = YES;
				CLANG_WARN_COMMA = YES;
				CLANG_WARN_CONSTANT_CONVERSION = YES;
				CLANG_WARN_DEPRECATED_OBJC_IMPLEMENTATIONS = YES;
				CLANG_WARN_DIRECT_OBJC_ISA_USAGE = YES_ERROR;
				CLANG_WARN_DOCUMENTATION_COMMENTS = YES;
				CLANG_WARN_EMPTY_BODY = YES;
				CLANG_WARN_ENUM_CONVERSION = YES;
				CLANG_WARN_INFINITE_RECURSION = YES;
				CLANG_WARN_INT_CONVERSION = YES;
				CLANG_WARN_NON_LITERAL_NULL_CONVERSION = YES;
				CLANG_WARN_OBJC_IMPLICIT_RETAIN_SELF = YES;
				CLANG_WARN_OBJC_LITERAL_CONVERSION = YES;
				CLANG_WARN_OBJC_ROOT_CLASS = YES_ERROR;
				CLANG_WARN_QUOTED_INCLUDE_IN_FRAMEWORK_HEADER = YES;
				CLANG_WARN_RANGE_LOOP_ANALYSIS = YES;
				CLANG_WARN_STRICT_PROTOTYPES = YES;
				CLANG_WARN_SUSPICIOUS_MOVE = YES;
				CLANG_WARN_UNGUARDED_AVAILABILITY = YES_AGGRESSIVE;
				CLANG_WARN_UNREACHABLE_CODE = YES;
				CLANG_WARN__DUPLICATE_METHOD_MATCH = YES;
				COPY_PHASE_STRIP = NO;
				DEBUG_INFORMATION_FORMAT = "dwarf-with-dsym";
				ENABLE_NS_ASSERTIONS = NO;
				ENABLE_STRICT_OBJC_MSGSEND = YES;
				ENABLE_USER_SCRIPT_SANDBOXING = YES;
				GCC_C_LANGUAGE_STANDARD = gnu17;
				GCC_NO_COMMON_BLOCKS = YES;
				GCC_WARN_64_TO_32_BIT_CONVERSION = YES;
				GCC_WARN_ABOUT_RETURN_TYPE = YES_ERROR;
				GCC_WARN_UNDECLARED_SELECTOR = YES;
				GCC_WARN_UNINITIALIZED_AUTOS = YES_AGGRESSIVE;
				GCC_WARN_UNUSED_FUNCTION = YES;
				GCC_WARN_UNUSED_VARIABLE = YES;
				LOCALIZATION_PREFERS_STRING_CATALOGS = YES;
				MACOSX_DEPLOYMENT_TARGET = 14.0;
				MTL_ENABLE_DEBUG_INFO = NO;
				MTL_FAST_MATH = YES;
				SDKROOT = macosx;
			};
			name = Release;
		};
		8C15BC382B4277F3007D5FE3 /* Debug */ = {
			isa = XCBuildConfiguration;
			buildSettings = {
				CODE_SIGN_STYLE = Automatic;
				HEADER_SEARCH_PATHS = /opt/homebrew/Cellar/libmicrohttpd/0.9.77/include;
				LIBRARY_SEARCH_PATHS = (
					"$(inherited)",
					/opt/homebrew/Cellar/libmicrohttpd/0.9.77/lib,
				);
				PRODUCT_NAME = "$(TARGET_NAME)";
			};
			name = Debug;
		};
		8C15BC392B4277F3007D5FE3 /* Release */ = {
			isa = XCBuildConfiguration;
			buildSettings = {
				CODE_SIGN_STYLE = Automatic;
				HEADER_SEARCH_PATHS = "/opt/homebrew/Cellar/libmicrohttpd/0.9.77/include/**";
				LIBRARY_SEARCH_PATHS = (
					"$(inherited)",
					/opt/homebrew/Cellar/libmicrohttpd/0.9.77/lib,
				);
				PRODUCT_NAME = "$(TARGET_NAME)";
			};
			name = Release;
		};
/* End XCBuildConfiguration section */

/* Begin XCConfigurationList section */
		8C15BC2B2B4277F3007D5FE3 /* Build configuration list for PBXProject "mchat_server" */ = {
			isa = XCConfigurationList;
			buildConfigurations = (
				8C15BC352B4277F3007D5FE3 /* Debug */,
				8C15BC362B4277F3007D5FE3 /* Release */,
			);
			defaultConfigurationIsVisible = 0;
			defaultConfigurationName = Release;
		};
		8C15BC372B4277F3007D5FE3 /* Build configuration list for PBXNativeTarget "mchat_server" */ = {
			isa = XCConfigurationList;
			buildConfigurations = (
				8C15BC382B4277F3007D5FE3 /* Debug */,
				8C15BC392B4277F3007D5FE3 /* Release */,
			);
			defaultConfigurationIsVisible = 0;
			defaultConfigurationName = Release;
		};
/* End XCConfigurationList section */
	};
	rootObject = 8C15BC282B4277F3007D5FE3 /* Project object */;
}
