// !$*UTF8*$!
{
	archiveVersion = 1;
	classes = {
	};
	objectVersion = 56;
	objects = {

/* Begin PBXBuildFile section */
		8C15BC412B42781F007D5FE3 /* main.c in Sources */ = {isa = PBXBuildFile; fileRef = 8C15BC402B42781F007D5FE3 /* main.c */; };
		8C6A403E2B4D9BE700BABD9C /* chat_recvevents.c in Sources */ = {isa = PBXBuildFile; fileRef = 8C6A403D2B4D9BBE00BABD9C /* chat_recvevents.c */; };
		8C6A40402B4F35C300BABD9C /* chat_sendevents.c in Sources */ = {isa = PBXBuildFile; fileRef = 8C6A403F2B4F35C300BABD9C /* chat_sendevents.c */; };
		8C6A40422B4F376100BABD9C /* netw_base64.c in Sources */ = {isa = PBXBuildFile; fileRef = 8C6A40412B4F376100BABD9C /* netw_base64.c */; };
		8C6A40442B4F377E00BABD9C /* netw_crypto.c in Sources */ = {isa = PBXBuildFile; fileRef = 8C6A40432B4F377E00BABD9C /* netw_crypto.c */; };
		8C6A40482B4F3AD200BABD9C /* ui_main.c in Sources */ = {isa = PBXBuildFile; fileRef = 8C6A40472B4F3AD200BABD9C /* ui_main.c */; };
		8C6A404A2B517FE100BABD9C /* ui_terminal.c in Sources */ = {isa = PBXBuildFile; fileRef = 8C6A40492B517FE100BABD9C /* ui_terminal.c */; };
		8C6A404C2B51813200BABD9C /* netw_init.c in Sources */ = {isa = PBXBuildFile; fileRef = 8C6A404B2B51813200BABD9C /* netw_init.c */; };
		8C6A404E2B51813A00BABD9C /* netw_curlapi.c in Sources */ = {isa = PBXBuildFile; fileRef = 8C6A404D2B51813A00BABD9C /* netw_curlapi.c */; };
		8C6A40502B5181BF00BABD9C /* chat_init.c in Sources */ = {isa = PBXBuildFile; fileRef = 8C6A404F2B5181BF00BABD9C /* chat_init.c */; };
		8C6A40542B518B5800BABD9C /* chatp_init.c in Sources */ = {isa = PBXBuildFile; fileRef = 8C6A40532B518B5800BABD9C /* chatp_init.c */; };
		8C6A40562B518B6800BABD9C /* chatp_context.c in Sources */ = {isa = PBXBuildFile; fileRef = 8C6A40552B518B6800BABD9C /* chatp_context.c */; };
		8C6A40582B518BA200BABD9C /* chatp_send.c in Sources */ = {isa = PBXBuildFile; fileRef = 8C6A40572B518BA200BABD9C /* chatp_send.c */; };
		8C6A405E2B51DB6800BABD9C /* panes_init.c in Sources */ = {isa = PBXBuildFile; fileRef = 8C6A405D2B51DB6800BABD9C /* panes_init.c */; };
		8C6A40602B51DB8600BABD9C /* panes_channel.c in Sources */ = {isa = PBXBuildFile; fileRef = 8C6A405F2B51DB8600BABD9C /* panes_channel.c */; };
		8C6A40622B51DB8F00BABD9C /* panes_input.c in Sources */ = {isa = PBXBuildFile; fileRef = 8C6A40612B51DB8F00BABD9C /* panes_input.c */; };
		8C6A40642B51DF9B00BABD9C /* ui_render.c in Sources */ = {isa = PBXBuildFile; fileRef = 8C6A40632B51DF9B00BABD9C /* ui_render.c */; };
		8CDEE6C52B6153B20098A713 /* panes_misc.c in Sources */ = {isa = PBXBuildFile; fileRef = 8CDEE6C42B6153B20098A713 /* panes_misc.c */; };
		8CDEE6CA2B6154670098A713 /* libcurl.tbd in Frameworks */ = {isa = PBXBuildFile; fileRef = 8CDEE6C72B61540E0098A713 /* libcurl.tbd */; };
		8CF4720D2B5EAEE50077A898 /* panes_messages.c in Sources */ = {isa = PBXBuildFile; fileRef = 8CF4720C2B5EAEE50077A898 /* panes_messages.c */; };
/* End PBXBuildFile section */

/* Begin PBXCopyFilesBuildPhase section */
		8C15BC152B4277E1007D5FE3 /* CopyFiles */ = {
			isa = PBXCopyFilesBuildPhase;
			buildActionMask = 2147483647;
			dstPath = /usr/share/man/man1/;
			dstSubfolderSpec = 0;
			files = (
			);
			runOnlyForDeploymentPostprocessing = 1;
		};
/* End PBXCopyFilesBuildPhase section */

/* Begin PBXFileReference section */
		8C15BC172B4277E1007D5FE3 /* mchat_client */ = {isa = PBXFileReference; explicitFileType = "compiled.mach-o.executable"; includeInIndex = 0; path = mchat_client; sourceTree = BUILT_PRODUCTS_DIR; };
		8C15BC402B42781F007D5FE3 /* main.c */ = {isa = PBXFileReference; lastKnownFileType = sourcecode.c.c; path = main.c; sourceTree = "<group>"; };
		8C15BC462B42785E007D5FE3 /* types.h */ = {isa = PBXFileReference; lastKnownFileType = sourcecode.c.h; path = types.h; sourceTree = "<group>"; };
		8C15BC4C2B427AAD007D5FE3 /* netw.h */ = {isa = PBXFileReference; lastKnownFileType = sourcecode.c.h; path = netw.h; sourceTree = "<group>"; };
		8C15BC4E2B427C7A007D5FE3 /* chat.h */ = {isa = PBXFileReference; lastKnownFileType = sourcecode.c.h; path = chat.h; sourceTree = "<group>"; };
		8C6A403D2B4D9BBE00BABD9C /* chat_recvevents.c */ = {isa = PBXFileReference; lastKnownFileType = sourcecode.c.c; path = chat_recvevents.c; sourceTree = "<group>"; };
		8C6A403F2B4F35C300BABD9C /* chat_sendevents.c */ = {isa = PBXFileReference; lastKnownFileType = sourcecode.c.c; path = chat_sendevents.c; sourceTree = "<group>"; };
		8C6A40412B4F376100BABD9C /* netw_base64.c */ = {isa = PBXFileReference; lastKnownFileType = sourcecode.c.c; path = netw_base64.c; sourceTree = "<group>"; };
		8C6A40432B4F377E00BABD9C /* netw_crypto.c */ = {isa = PBXFileReference; lastKnownFileType = sourcecode.c.c; path = netw_crypto.c; sourceTree = "<group>"; };
		8C6A40462B4F3ACA00BABD9C /* ui.h */ = {isa = PBXFileReference; lastKnownFileType = sourcecode.c.h; path = ui.h; sourceTree = "<group>"; };
		8C6A40472B4F3AD200BABD9C /* ui_main.c */ = {isa = PBXFileReference; lastKnownFileType = sourcecode.c.c; path = ui_main.c; sourceTree = "<group>"; };
		8C6A40492B517FE100BABD9C /* ui_terminal.c */ = {isa = PBXFileReference; lastKnownFileType = sourcecode.c.c; path = ui_terminal.c; sourceTree = "<group>"; };
		8C6A404B2B51813200BABD9C /* netw_init.c */ = {isa = PBXFileReference; lastKnownFileType = sourcecode.c.c; path = netw_init.c; sourceTree = "<group>"; };
		8C6A404D2B51813A00BABD9C /* netw_curlapi.c */ = {isa = PBXFileReference; lastKnownFileType = sourcecode.c.c; path = netw_curlapi.c; sourceTree = "<group>"; };
		8C6A404F2B5181BF00BABD9C /* chat_init.c */ = {isa = PBXFileReference; lastKnownFileType = sourcecode.c.c; path = chat_init.c; sourceTree = "<group>"; };
		8C6A40512B51888B00BABD9C /* chatp.h */ = {isa = PBXFileReference; lastKnownFileType = sourcecode.c.h; path = chatp.h; sourceTree = "<group>"; };
		8C6A40532B518B5800BABD9C /* chatp_init.c */ = {isa = PBXFileReference; lastKnownFileType = sourcecode.c.c; path = chatp_init.c; sourceTree = "<group>"; };
		8C6A40552B518B6800BABD9C /* chatp_context.c */ = {isa = PBXFileReference; lastKnownFileType = sourcecode.c.c; path = chatp_context.c; sourceTree = "<group>"; };
		8C6A40572B518BA200BABD9C /* chatp_send.c */ = {isa = PBXFileReference; lastKnownFileType = sourcecode.c.c; path = chatp_send.c; sourceTree = "<group>"; };
		8C6A405C2B51DADA00BABD9C /* panes.h */ = {isa = PBXFileReference; lastKnownFileType = sourcecode.c.h; path = panes.h; sourceTree = "<group>"; };
		8C6A405D2B51DB6800BABD9C /* panes_init.c */ = {isa = PBXFileReference; lastKnownFileType = sourcecode.c.c; path = panes_init.c; sourceTree = "<group>"; };
		8C6A405F2B51DB8600BABD9C /* panes_channel.c */ = {isa = PBXFileReference; lastKnownFileType = sourcecode.c.c; path = panes_channel.c; sourceTree = "<group>"; };
		8C6A40612B51DB8F00BABD9C /* panes_input.c */ = {isa = PBXFileReference; lastKnownFileType = sourcecode.c.c; path = panes_input.c; sourceTree = "<group>"; };
		8C6A40632B51DF9B00BABD9C /* ui_render.c */ = {isa = PBXFileReference; lastKnownFileType = sourcecode.c.c; path = ui_render.c; sourceTree = "<group>"; };
		8CDEE6C42B6153B20098A713 /* panes_misc.c */ = {isa = PBXFileReference; lastKnownFileType = sourcecode.c.c; path = panes_misc.c; sourceTree = "<group>"; };
		8CDEE6C72B61540E0098A713 /* libcurl.tbd */ = {isa = PBXFileReference; lastKnownFileType = "sourcecode.text-based-dylib-definition"; name = libcurl.tbd; path = usr/lib/libcurl.tbd; sourceTree = SDKROOT; };
		8CDEE6C82B61541A0098A713 /* libcurl.3.tbd */ = {isa = PBXFileReference; lastKnownFileType = "sourcecode.text-based-dylib-definition"; name = libcurl.3.tbd; path = usr/lib/libcurl.3.tbd; sourceTree = SDKROOT; };
		8CDEE6C92B61541D0098A713 /* libcurl.4.tbd */ = {isa = PBXFileReference; lastKnownFileType = "sourcecode.text-based-dylib-definition"; name = libcurl.4.tbd; path = usr/lib/libcurl.4.tbd; sourceTree = SDKROOT; };
		8CF4720C2B5EAEE50077A898 /* panes_messages.c */ = {isa = PBXFileReference; lastKnownFileType = sourcecode.c.c; path = panes_messages.c; sourceTree = "<group>"; };
/* End PBXFileReference section */

/* Begin PBXFrameworksBuildPhase section */
		8C15BC142B4277E1007D5FE3 /* Frameworks */ = {
			isa = PBXFrameworksBuildPhase;
			buildActionMask = 2147483647;
			files = (
				8CDEE6CA2B6154670098A713 /* libcurl.tbd in Frameworks */,
			);
			runOnlyForDeploymentPostprocessing = 0;
		};
/* End PBXFrameworksBuildPhase section */

/* Begin PBXGroup section */
		8C15BC0E2B4277E1007D5FE3 = {
			isa = PBXGroup;
			children = (
				8C15BC402B42781F007D5FE3 /* main.c */,
				8C15BC462B42785E007D5FE3 /* types.h */,
				8C6A40452B4F3AA600BABD9C /* ui */,
				8C15BC432B427825007D5FE3 /* netw */,
				8C15BC4D2B427C6D007D5FE3 /* chat */,
				8C15BC182B4277E1007D5FE3 /* Products */,
				8CDEE6C62B61540E0098A713 /* Frameworks */,
			);
			sourceTree = "<group>";
		};
		8C15BC182B4277E1007D5FE3 /* Products */ = {
			isa = PBXGroup;
			children = (
				8C15BC172B4277E1007D5FE3 /* mchat_client */,
			);
			name = Products;
			sourceTree = "<group>";
		};
		8C15BC432B427825007D5FE3 /* netw */ = {
			isa = PBXGroup;
			children = (
				8C15BC4C2B427AAD007D5FE3 /* netw.h */,
				8C6A40412B4F376100BABD9C /* netw_base64.c */,
				8C6A40432B4F377E00BABD9C /* netw_crypto.c */,
				8C6A404B2B51813200BABD9C /* netw_init.c */,
				8C6A404D2B51813A00BABD9C /* netw_curlapi.c */,
			);
			path = netw;
			sourceTree = "<group>";
		};
		8C15BC4D2B427C6D007D5FE3 /* chat */ = {
			isa = PBXGroup;
			children = (
				8C6A40522B51888F00BABD9C /* chatp */,
				8C15BC4E2B427C7A007D5FE3 /* chat.h */,
				8C6A403D2B4D9BBE00BABD9C /* chat_recvevents.c */,
				8C6A403F2B4F35C300BABD9C /* chat_sendevents.c */,
				8C6A404F2B5181BF00BABD9C /* chat_init.c */,
			);
			path = chat;
			sourceTree = "<group>";
		};
		8C6A40452B4F3AA600BABD9C /* ui */ = {
			isa = PBXGroup;
			children = (
				8C6A405B2B51DAD300BABD9C /* panes */,
				8C6A40462B4F3ACA00BABD9C /* ui.h */,
				8C6A40472B4F3AD200BABD9C /* ui_main.c */,
				8C6A40492B517FE100BABD9C /* ui_terminal.c */,
				8C6A40632B51DF9B00BABD9C /* ui_render.c */,
			);
			path = ui;
			sourceTree = "<group>";
		};
		8C6A40522B51888F00BABD9C /* chatp */ = {
			isa = PBXGroup;
			children = (
				8C6A40512B51888B00BABD9C /* chatp.h */,
				8C6A40532B518B5800BABD9C /* chatp_init.c */,
				8C6A40552B518B6800BABD9C /* chatp_context.c */,
				8C6A40572B518BA200BABD9C /* chatp_send.c */,
			);
			path = chatp;
			sourceTree = "<group>";
		};
		8C6A405B2B51DAD300BABD9C /* panes */ = {
			isa = PBXGroup;
			children = (
				8C6A405C2B51DADA00BABD9C /* panes.h */,
				8C6A405D2B51DB6800BABD9C /* panes_init.c */,
				8C6A405F2B51DB8600BABD9C /* panes_channel.c */,
				8C6A40612B51DB8F00BABD9C /* panes_input.c */,
				8CF4720C2B5EAEE50077A898 /* panes_messages.c */,
				8CDEE6C42B6153B20098A713 /* panes_misc.c */,
			);
			path = panes;
			sourceTree = "<group>";
		};
		8CDEE6C62B61540E0098A713 /* Frameworks */ = {
			isa = PBXGroup;
			children = (
				8CDEE6C92B61541D0098A713 /* libcurl.4.tbd */,
				8CDEE6C82B61541A0098A713 /* libcurl.3.tbd */,
				8CDEE6C72B61540E0098A713 /* libcurl.tbd */,
			);
			name = Frameworks;
			sourceTree = "<group>";
		};
/* End PBXGroup section */

/* Begin PBXNativeTarget section */
		8C15BC162B4277E1007D5FE3 /* mchat_client */ = {
			isa = PBXNativeTarget;
			buildConfigurationList = 8C15BC1E2B4277E1007D5FE3 /* Build configuration list for PBXNativeTarget "mchat_client" */;
			buildPhases = (
				8C15BC132B4277E1007D5FE3 /* Sources */,
				8C15BC142B4277E1007D5FE3 /* Frameworks */,
				8C15BC152B4277E1007D5FE3 /* CopyFiles */,
			);
			buildRules = (
			);
			dependencies = (
			);
			name = mchat_client;
			productName = mchat_client;
			productReference = 8C15BC172B4277E1007D5FE3 /* mchat_client */;
			productType = "com.apple.product-type.tool";
		};
/* End PBXNativeTarget section */

/* Begin PBXProject section */
		8C15BC0F2B4277E1007D5FE3 /* Project object */ = {
			isa = PBXProject;
			attributes = {
				BuildIndependentTargetsInParallel = 1;
				LastUpgradeCheck = 1500;
				TargetAttributes = {
					8C15BC162B4277E1007D5FE3 = {
						CreatedOnToolsVersion = 15.0.1;
					};
				};
			};
			buildConfigurationList = 8C15BC122B4277E1007D5FE3 /* Build configuration list for PBXProject "mchat_client" */;
			compatibilityVersion = "Xcode 14.0";
			developmentRegion = en;
			hasScannedForEncodings = 0;
			knownRegions = (
				en,
				Base,
			);
			mainGroup = 8C15BC0E2B4277E1007D5FE3;
			productRefGroup = 8C15BC182B4277E1007D5FE3 /* Products */;
			projectDirPath = "";
			projectRoot = "";
			targets = (
				8C15BC162B4277E1007D5FE3 /* mchat_client */,
			);
		};
/* End PBXProject section */

/* Begin PBXSourcesBuildPhase section */
		8C15BC132B4277E1007D5FE3 /* Sources */ = {
			isa = PBXSourcesBuildPhase;
			buildActionMask = 2147483647;
			files = (
				8C6A40602B51DB8600BABD9C /* panes_channel.c in Sources */,
				8C6A40482B4F3AD200BABD9C /* ui_main.c in Sources */,
				8C6A404A2B517FE100BABD9C /* ui_terminal.c in Sources */,
				8CF4720D2B5EAEE50077A898 /* panes_messages.c in Sources */,
				8C6A40422B4F376100BABD9C /* netw_base64.c in Sources */,
				8C6A40642B51DF9B00BABD9C /* ui_render.c in Sources */,
				8C6A40622B51DB8F00BABD9C /* panes_input.c in Sources */,
				8CDEE6C52B6153B20098A713 /* panes_misc.c in Sources */,
				8C6A40502B5181BF00BABD9C /* chat_init.c in Sources */,
				8C6A40582B518BA200BABD9C /* chatp_send.c in Sources */,
				8C6A404E2B51813A00BABD9C /* netw_curlapi.c in Sources */,
				8C6A40542B518B5800BABD9C /* chatp_init.c in Sources */,
				8C6A40442B4F377E00BABD9C /* netw_crypto.c in Sources */,
				8C6A40402B4F35C300BABD9C /* chat_sendevents.c in Sources */,
				8C6A40562B518B6800BABD9C /* chatp_context.c in Sources */,
				8C6A404C2B51813200BABD9C /* netw_init.c in Sources */,
				8C15BC412B42781F007D5FE3 /* main.c in Sources */,
				8C6A403E2B4D9BE700BABD9C /* chat_recvevents.c in Sources */,
				8C6A405E2B51DB6800BABD9C /* panes_init.c in Sources */,
			);
			runOnlyForDeploymentPostprocessing = 0;
		};
/* End PBXSourcesBuildPhase section */

/* Begin XCBuildConfiguration section */
		8C15BC1C2B4277E1007D5FE3 /* Debug */ = {
			isa = XCBuildConfiguration;
			buildSettings = {
				ALWAYS_SEARCH_USER_PATHS = NO;
				ASSETCATALOG_COMPILER_GENERATE_SWIFT_ASSET_SYMBOL_EXTENSIONS = YES;
				CLANG_ANALYZER_NONNULL = YES;
				CLANG_ANALYZER_NUMBER_OBJECT_CONVERSION = YES_AGGRESSIVE;
				CLANG_CXX_LANGUAGE_STANDARD = "gnu++20";
				CLANG_ENABLE_MODULES = YES;
				CLANG_ENABLE_OBJC_ARC = YES;
				CLANG_ENABLE_OBJC_WEAK = YES;
				CLANG_WARN_BLOCK_CAPTURE_AUTORELEASING = YES;
				CLANG_WARN_BOOL_CONVERSION = YES;
				CLANG_WARN_COMMA = YES;
				CLANG_WARN_CONSTANT_CONVERSION = YES;
				CLANG_WARN_DEPRECATED_OBJC_IMPLEMENTATIONS = YES;
				CLANG_WARN_DIRECT_OBJC_ISA_USAGE = YES_ERROR;
				CLANG_WARN_DOCUMENTATION_COMMENTS = YES;
				CLANG_WARN_EMPTY_BODY = YES;
				CLANG_WARN_ENUM_CONVERSION = YES;
				CLANG_WARN_INFINITE_RECURSION = YES;
				CLANG_WARN_INT_CONVERSION = YES;
				CLANG_WARN_NON_LITERAL_NULL_CONVERSION = YES;
				CLANG_WARN_OBJC_IMPLICIT_RETAIN_SELF = YES;
				CLANG_WARN_OBJC_LITERAL_CONVERSION = YES;
				CLANG_WARN_OBJC_ROOT_CLASS = YES_ERROR;
				CLANG_WARN_QUOTED_INCLUDE_IN_FRAMEWORK_HEADER = YES;
				CLANG_WARN_RANGE_LOOP_ANALYSIS = YES;
				CLANG_WARN_STRICT_PROTOTYPES = YES;
				CLANG_WARN_SUSPICIOUS_MOVE = YES;
				CLANG_WARN_UNGUARDED_AVAILABILITY = YES_AGGRESSIVE;
				CLANG_WARN_UNREACHABLE_CODE = YES;
				CLANG_WARN__DUPLICATE_METHOD_MATCH = YES;
				COPY_PHASE_STRIP = NO;
				DEBUG_INFORMATION_FORMAT = dwarf;
				ENABLE_STRICT_OBJC_MSGSEND = YES;
				ENABLE_TESTABILITY = YES;
				ENABLE_USER_SCRIPT_SANDBOXING = YES;
				GCC_C_LANGUAGE_STANDARD = gnu17;
				GCC_DYNAMIC_NO_PIC = NO;
				GCC_NO_COMMON_BLOCKS = YES;
				GCC_OPTIMIZATION_LEVEL = 0;
				GCC_PREPROCESSOR_DEFINITIONS = (
					"DEBUG=1",
					"$(inherited)",
				);
				GCC_WARN_64_TO_32_BIT_CONVERSION = YES;
				GCC_WARN_ABOUT_RETURN_TYPE = YES_ERROR;
				GCC_WARN_UNDECLARED_SELECTOR = YES;
				GCC_WARN_UNINITIALIZED_AUTOS = YES_AGGRESSIVE;
				GCC_WARN_UNUSED_FUNCTION = YES;
				GCC_WARN_UNUSED_VARIABLE = YES;
				LOCALIZATION_PREFERS_STRING_CATALOGS = YES;
				MACOSX_DEPLOYMENT_TARGET = 14.0;
				MTL_ENABLE_DEBUG_INFO = INCLUDE_SOURCE;
				MTL_FAST_MATH = YES;
				ONLY_ACTIVE_ARCH = YES;
				SDKROOT = macosx;
			};
			name = Debug;
		};
		8C15BC1D2B4277E1007D5FE3 /* Release */ = {
			isa = XCBuildConfiguration;
			buildSettings = {
				ALWAYS_SEARCH_USER_PATHS = NO;
				ASSETCATALOG_COMPILER_GENERATE_SWIFT_ASSET_SYMBOL_EXTENSIONS = YES;
				CLANG_ANALYZER_NONNULL = YES;
				CLANG_ANALYZER_NUMBER_OBJECT_CONVERSION = YES_AGGRESSIVE;
				CLANG_CXX_LANGUAGE_STANDARD = "gnu++20";
				CLANG_ENABLE_MODULES = YES;
				CLANG_ENABLE_OBJC_ARC = YES;
				CLANG_ENABLE_OBJC_WEAK = YES;
				CLANG_WARN_BLOCK_CAPTURE_AUTORELEASING = YES;
				CLANG_WARN_BOOL_CONVERSION = YES;
				CLANG_WARN_COMMA = YES;
				CLANG_WARN_CONSTANT_CONVERSION = YES;
				CLANG_WARN_DEPRECATED_OBJC_IMPLEMENTATIONS = YES;
				CLANG_WARN_DIRECT_OBJC_ISA_USAGE = YES_ERROR;
				CLANG_WARN_DOCUMENTATION_COMMENTS = YES;
				CLANG_WARN_EMPTY_BODY = YES;
				CLANG_WARN_ENUM_CONVERSION = YES;
				CLANG_WARN_INFINITE_RECURSION = YES;
				CLANG_WARN_INT_CONVERSION = YES;
				CLANG_WARN_NON_LITERAL_NULL_CONVERSION = YES;
				CLANG_WARN_OBJC_IMPLICIT_RETAIN_SELF = YES;
				CLANG_WARN_OBJC_LITERAL_CONVERSION = YES;
				CLANG_WARN_OBJC_ROOT_CLASS = YES_ERROR;
				CLANG_WARN_QUOTED_INCLUDE_IN_FRAMEWORK_HEADER = YES;
				CLANG_WARN_RANGE_LOOP_ANALYSIS = YES;
				CLANG_WARN_STRICT_PROTOTYPES = YES;
				CLANG_WARN_SUSPICIOUS_MOVE = YES;
				CLANG_WARN_UNGUARDED_AVAILABILITY = YES_AGGRESSIVE;
				CLANG_WARN_UNREACHABLE_CODE = YES;
				CLANG_WARN__DUPLICATE_METHOD_MATCH = YES;
				COPY_PHASE_STRIP = NO;
				DEBUG_INFORMATION_FORMAT = "dwarf-with-dsym";
				ENABLE_NS_ASSERTIONS = NO;
				ENABLE_STRICT_OBJC_MSGSEND = YES;
				ENABLE_USER_SCRIPT_SANDBOXING = YES;
				GCC_C_LANGUAGE_STANDARD = gnu17;
				GCC_NO_COMMON_BLOCKS = YES;
				GCC_WARN_64_TO_32_BIT_CONVERSION = YES;
				GCC_WARN_ABOUT_RETURN_TYPE = YES_ERROR;
				GCC_WARN_UNDECLARED_SELECTOR = YES;
				GCC_WARN_UNINITIALIZED_AUTOS = YES_AGGRESSIVE;
				GCC_WARN_UNUSED_FUNCTION = YES;
				GCC_WARN_UNUSED_VARIABLE = YES;
				LOCALIZATION_PREFERS_STRING_CATALOGS = YES;
				MACOSX_DEPLOYMENT_TARGET = 14.0;
				MTL_ENABLE_DEBUG_INFO = NO;
				MTL_FAST_MATH = YES;
				SDKROOT = macosx;
			};
			name = Release;
		};
		8C15BC1F2B4277E1007D5FE3 /* Debug */ = {
			isa = XCBuildConfiguration;
			buildSettings = {
				CODE_SIGN_STYLE = Automatic;
				PRODUCT_NAME = "$(TARGET_NAME)";
			};
			name = Debug;
		};
		8C15BC202B4277E1007D5FE3 /* Release */ = {
			isa = XCBuildConfiguration;
			buildSettings = {
				CODE_SIGN_STYLE = Automatic;
				PRODUCT_NAME = "$(TARGET_NAME)";
			};
			name = Release;
		};
/* End XCBuildConfiguration section */

/* Begin XCConfigurationList section */
		8C15BC122B4277E1007D5FE3 /* Build configuration list for PBXProject "mchat_client" */ = {
			isa = XCConfigurationList;
			buildConfigurations = (
				8C15BC1C2B4277E1007D5FE3 /* Debug */,
				8C15BC1D2B4277E1007D5FE3 /* Release */,
			);
			defaultConfigurationIsVisible = 0;
			defaultConfigurationName = Release;
		};
		8C15BC1E2B4277E1007D5FE3 /* Build configuration list for PBXNativeTarget "mchat_client" */ = {
			isa = XCConfigurationList;
			buildConfigurations = (
				8C15BC1F2B4277E1007D5FE3 /* Debug */,
				8C15BC202B4277E1007D5FE3 /* Release */,
			);
			defaultConfigurationIsVisible = 0;
			defaultConfigurationName = Release;
		};
/* End XCConfigurationList section */
	};
	rootObject = 8C15BC0F2B4277E1007D5FE3 /* Project object */;
}
